// !$*UTF8*$!
{
	archiveVersion = 1;
	classes = {
	};
	objectVersion = 50;
	objects = {

/* Begin PBXBuildFile section */
		2CF80EB22587DD10007277D0 /* player.cpp in Sources */ = {isa = PBXBuildFile; fileRef = 2CF80EAA2587DD10007277D0 /* player.cpp */; };
		2CF80EB32587DD10007277D0 /* items.cpp in Sources */ = {isa = PBXBuildFile; fileRef = 2CF80EAE2587DD10007277D0 /* items.cpp */; };
		2CF80EB42587DD10007277D0 /* gamedata.cpp in Sources */ = {isa = PBXBuildFile; fileRef = 2CF80EAF2587DD10007277D0 /* gamedata.cpp */; };
		2CF80EB52587DD10007277D0 /* main.cpp in Sources */ = {isa = PBXBuildFile; fileRef = 2CF80EB02587DD10007277D0 /* main.cpp */; };
		2CF80EB62587DD10007277D0 /* game.cpp in Sources */ = {isa = PBXBuildFile; fileRef = 2CF80EB12587DD10007277D0 /* game.cpp */; };
		2CF80EBA2587E155007277D0 /* utils.cpp in Sources */ = {isa = PBXBuildFile; fileRef = 2CF80EB82587E155007277D0 /* utils.cpp */; };
/* End PBXBuildFile section */

/* Begin PBXCopyFilesBuildPhase section */
		2CB78F512587DCD00013861F /* CopyFiles */ = {
			isa = PBXCopyFilesBuildPhase;
			buildActionMask = 2147483647;
			dstPath = /usr/share/man/man1/;
			dstSubfolderSpec = 0;
			files = (
			);
			runOnlyForDeploymentPostprocessing = 1;
		};
/* End PBXCopyFilesBuildPhase section */

/* Begin PBXFileReference section */
		2CB78F532587DCD00013861F /* TextAdventure */ = {isa = PBXFileReference; explicitFileType = "compiled.mach-o.executable"; includeInIndex = 0; path = TextAdventure; sourceTree = BUILT_PRODUCTS_DIR; };
		2CF80EA92587DD10007277D0 /* gamedata.h */ = {isa = PBXFileReference; fileEncoding = 4; lastKnownFileType = sourcecode.c.h; path = gamedata.h; sourceTree = "<group>"; };
		2CF80EAA2587DD10007277D0 /* player.cpp */ = {isa = PBXFileReference; fileEncoding = 4; lastKnownFileType = sourcecode.cpp.cpp; path = player.cpp; sourceTree = "<group>"; };
		2CF80EAB2587DD10007277D0 /* player.h */ = {isa = PBXFileReference; fileEncoding = 4; lastKnownFileType = sourcecode.c.h; path = player.h; sourceTree = "<group>"; };
		2CF80EAC2587DD10007277D0 /* game.h */ = {isa = PBXFileReference; fileEncoding = 4; lastKnownFileType = sourcecode.c.h; path = game.h; sourceTree = "<group>"; };
		2CF80EAD2587DD10007277D0 /* items.h */ = {isa = PBXFileReference; fileEncoding = 4; lastKnownFileType = sourcecode.c.h; path = items.h; sourceTree = "<group>"; };
		2CF80EAE2587DD10007277D0 /* items.cpp */ = {isa = PBXFileReference; fileEncoding = 4; lastKnownFileType = sourcecode.cpp.cpp; path = items.cpp; sourceTree = "<group>"; };
		2CF80EAF2587DD10007277D0 /* gamedata.cpp */ = {isa = PBXFileReference; fileEncoding = 4; lastKnownFileType = sourcecode.cpp.cpp; path = gamedata.cpp; sourceTree = "<group>"; };
		2CF80EB02587DD10007277D0 /* main.cpp */ = {isa = PBXFileReference; fileEncoding = 4; lastKnownFileType = sourcecode.cpp.cpp; path = main.cpp; sourceTree = "<group>"; };
		2CF80EB12587DD10007277D0 /* game.cpp */ = {isa = PBXFileReference; fileEncoding = 4; lastKnownFileType = sourcecode.cpp.cpp; path = game.cpp; sourceTree = "<group>"; };
		2CF80EB82587E155007277D0 /* utils.cpp */ = {isa = PBXFileReference; lastKnownFileType = sourcecode.cpp.cpp; path = utils.cpp; sourceTree = "<group>"; };
		2CF80EB92587E155007277D0 /* utils.h */ = {isa = PBXFileReference; lastKnownFileType = sourcecode.c.h; path = utils.h; sourceTree = "<group>"; };
/* End PBXFileReference section */

/* Begin PBXFrameworksBuildPhase section */
		2CB78F502587DCD00013861F /* Frameworks */ = {
			isa = PBXFrameworksBuildPhase;
			buildActionMask = 2147483647;
			files = (
			);
			runOnlyForDeploymentPostprocessing = 0;
		};
/* End PBXFrameworksBuildPhase section */

/* Begin PBXGroup section */
		2CB78F4A2587DCD00013861F = {
			isa = PBXGroup;
			children = (
				2CF80EA82587DD10007277D0 /* source */,
				2CB78F542587DCD00013861F /* Products */,
			);
			sourceTree = "<group>";
		};
		2CB78F542587DCD00013861F /* Products */ = {
			isa = PBXGroup;
			children = (
				2CB78F532587DCD00013861F /* TextAdventure */,
			);
			name = Products;
			sourceTree = "<group>";
		};
		2CF80EA82587DD10007277D0 /* source */ = {
			isa = PBXGroup;
			children = (
				2CF80EA92587DD10007277D0 /* gamedata.h */,
				2CF80EAA2587DD10007277D0 /* player.cpp */,
				2CF80EAB2587DD10007277D0 /* player.h */,
				2CF80EAC2587DD10007277D0 /* game.h */,
				2CF80EAD2587DD10007277D0 /* items.h */,
				2CF80EAE2587DD10007277D0 /* items.cpp */,
				2CF80EAF2587DD10007277D0 /* gamedata.cpp */,
				2CF80EB02587DD10007277D0 /* main.cpp */,
				2CF80EB12587DD10007277D0 /* game.cpp */,
				2CF80EB82587E155007277D0 /* utils.cpp */,
				2CF80EB92587E155007277D0 /* utils.h */,
			);
			path = source;
			sourceTree = "<group>";
		};
/* End PBXGroup section */

/* Begin PBXNativeTarget section */
		2CB78F522587DCD00013861F /* TextAdventure */ = {
			isa = PBXNativeTarget;
			buildConfigurationList = 2CB78F5A2587DCD00013861F /* Build configuration list for PBXNativeTarget "TextAdventure" */;
			buildPhases = (
				2CB78F4F2587DCD00013861F /* Sources */,
				2CB78F502587DCD00013861F /* Frameworks */,
				2CB78F512587DCD00013861F /* CopyFiles */,
			);
			buildRules = (
			);
			dependencies = (
			);
			name = TextAdventure;
			productName = TextAdventure;
			productReference = 2CB78F532587DCD00013861F /* TextAdventure */;
			productType = "com.apple.product-type.tool";
		};
/* End PBXNativeTarget section */

/* Begin PBXProject section */
		2CB78F4B2587DCD00013861F /* Project object */ = {
			isa = PBXProject;
			attributes = {
				LastUpgradeCheck = 1220;
				TargetAttributes = {
					2CB78F522587DCD00013861F = {
						CreatedOnToolsVersion = 12.2;
					};
				};
			};
			buildConfigurationList = 2CB78F4E2587DCD00013861F /* Build configuration list for PBXProject "TextAdventure" */;
			compatibilityVersion = "Xcode 9.3";
			developmentRegion = en;
			hasScannedForEncodings = 0;
			knownRegions = (
				en,
				Base,
			);
			mainGroup = 2CB78F4A2587DCD00013861F;
			productRefGroup = 2CB78F542587DCD00013861F /* Products */;
			projectDirPath = "";
			projectRoot = "";
			targets = (
				2CB78F522587DCD00013861F /* TextAdventure */,
			);
		};
/* End PBXProject section */

/* Begin PBXSourcesBuildPhase section */
		2CB78F4F2587DCD00013861F /* Sources */ = {
			isa = PBXSourcesBuildPhase;
			buildActionMask = 2147483647;
			files = (
				2CF80EB32587DD10007277D0 /* items.cpp in Sources */,
				2CF80EB22587DD10007277D0 /* player.cpp in Sources */,
				2CF80EB52587DD10007277D0 /* main.cpp in Sources */,
				2CF80EBA2587E155007277D0 /* utils.cpp in Sources */,
				2CF80EB62587DD10007277D0 /* game.cpp in Sources */,
				2CF80EB42587DD10007277D0 /* gamedata.cpp in Sources */,
			);
			runOnlyForDeploymentPostprocessing = 0;
		};
/* End PBXSourcesBuildPhase section */

/* Begin XCBuildConfiguration section */
		2CB78F582587DCD00013861F /* Debug */ = {
			isa = XCBuildConfiguration;
			buildSettings = {
				ALWAYS_SEARCH_USER_PATHS = NO;
				CLANG_ANALYZER_NONNULL = YES;
				CLANG_ANALYZER_NUMBER_OBJECT_CONVERSION = YES_AGGRESSIVE;
				CLANG_CXX_LANGUAGE_STANDARD = "gnu++14";
				CLANG_CXX_LIBRARY = "libc++";
				CLANG_ENABLE_MODULES = YES;
				CLANG_ENABLE_OBJC_ARC = YES;
				CLANG_ENABLE_OBJC_WEAK = YES;
				CLANG_WARN_BLOCK_CAPTURE_AUTORELEASING = YES;
				CLANG_WARN_BOOL_CONVERSION = YES;
				CLANG_WARN_COMMA = YES;
				CLANG_WARN_CONSTANT_CONVERSION = YES;
				CLANG_WARN_DEPRECATED_OBJC_IMPLEMENTATIONS = YES;
				CLANG_WARN_DIRECT_OBJC_ISA_USAGE = YES_ERROR;
				CLANG_WARN_DOCUMENTATION_COMMENTS = YES;
				CLANG_WARN_EMPTY_BODY = YES;
				CLANG_WARN_ENUM_CONVERSION = YES;
				CLANG_WARN_INFINITE_RECURSION = YES;
				CLANG_WARN_INT_CONVERSION = YES;
				CLANG_WARN_NON_LITERAL_NULL_CONVERSION = YES;
				CLANG_WARN_OBJC_IMPLICIT_RETAIN_SELF = YES;
				CLANG_WARN_OBJC_LITERAL_CONVERSION = YES;
				CLANG_WARN_OBJC_ROOT_CLASS = YES_ERROR;
				CLANG_WARN_QUOTED_INCLUDE_IN_FRAMEWORK_HEADER = YES;
				CLANG_WARN_RANGE_LOOP_ANALYSIS = YES;
				CLANG_WARN_STRICT_PROTOTYPES = YES;
				CLANG_WARN_SUSPICIOUS_MOVE = YES;
				CLANG_WARN_UNGUARDED_AVAILABILITY = YES_AGGRESSIVE;
				CLANG_WARN_UNREACHABLE_CODE = YES;
				CLANG_WARN__DUPLICATE_METHOD_MATCH = YES;
				COPY_PHASE_STRIP = NO;
				DEBUG_INFORMATION_FORMAT = dwarf;
				ENABLE_STRICT_OBJC_MSGSEND = YES;
				ENABLE_TESTABILITY = YES;
				GCC_C_LANGUAGE_STANDARD = gnu11;
				GCC_DYNAMIC_NO_PIC = NO;
				GCC_NO_COMMON_BLOCKS = YES;
				GCC_OPTIMIZATION_LEVEL = 0;
				GCC_PREPROCESSOR_DEFINITIONS = (
					"DEBUG=1",
					"$(inherited)",
				);
				GCC_WARN_64_TO_32_BIT_CONVERSION = YES;
				GCC_WARN_ABOUT_RETURN_TYPE = YES_ERROR;
				GCC_WARN_UNDECLARED_SELECTOR = YES;
				GCC_WARN_UNINITIALIZED_AUTOS = YES_AGGRESSIVE;
				GCC_WARN_UNUSED_FUNCTION = YES;
				GCC_WARN_UNUSED_VARIABLE = YES;
				MACOSX_DEPLOYMENT_TARGET = 11.0;
				MTL_ENABLE_DEBUG_INFO = INCLUDE_SOURCE;
				MTL_FAST_MATH = YES;
				ONLY_ACTIVE_ARCH = YES;
				SDKROOT = macosx;
			};
			name = Debug;
		};
		2CB78F592587DCD00013861F /* Release */ = {
			isa = XCBuildConfiguration;
			buildSettings = {
				ALWAYS_SEARCH_USER_PATHS = NO;
				CLANG_ANALYZER_NONNULL = YES;
				CLANG_ANALYZER_NUMBER_OBJECT_CONVERSION = YES_AGGRESSIVE;
				CLANG_CXX_LANGUAGE_STANDARD = "gnu++14";
				CLANG_CXX_LIBRARY = "libc++";
				CLANG_ENABLE_MODULES = YES;
				CLANG_ENABLE_OBJC_ARC = YES;
				CLANG_ENABLE_OBJC_WEAK = YES;
				CLANG_WARN_BLOCK_CAPTURE_AUTORELEASING = YES;
				CLANG_WARN_BOOL_CONVERSION = YES;
				CLANG_WARN_COMMA = YES;
				CLANG_WARN_CONSTANT_CONVERSION = YES;
				CLANG_WARN_DEPRECATED_OBJC_IMPLEMENTATIONS = YES;
				CLANG_WARN_DIRECT_OBJC_ISA_USAGE = YES_ERROR;
				CLANG_WARN_DOCUMENTATION_COMMENTS = YES;
				CLANG_WARN_EMPTY_BODY = YES;
				CLANG_WARN_ENUM_CONVERSION = YES;
				CLANG_WARN_INFINITE_RECURSION = YES;
				CLANG_WARN_INT_CONVERSION = YES;
				CLANG_WARN_NON_LITERAL_NULL_CONVERSION = YES;
				CLANG_WARN_OBJC_IMPLICIT_RETAIN_SELF = YES;
				CLANG_WARN_OBJC_LITERAL_CONVERSION = YES;
				CLANG_WARN_OBJC_ROOT_CLASS = YES_ERROR;
				CLANG_WARN_QUOTED_INCLUDE_IN_FRAMEWORK_HEADER = YES;
				CLANG_WARN_RANGE_LOOP_ANALYSIS = YES;
				CLANG_WARN_STRICT_PROTOTYPES = YES;
				CLANG_WARN_SUSPICIOUS_MOVE = YES;
				CLANG_WARN_UNGUARDED_AVAILABILITY = YES_AGGRESSIVE;
				CLANG_WARN_UNREACHABLE_CODE = YES;
				CLANG_WARN__DUPLICATE_METHOD_MATCH = YES;
				COPY_PHASE_STRIP = NO;
				DEBUG_INFORMATION_FORMAT = "dwarf-with-dsym";
				ENABLE_NS_ASSERTIONS = NO;
				ENABLE_STRICT_OBJC_MSGSEND = YES;
				GCC_C_LANGUAGE_STANDARD = gnu11;
				GCC_NO_COMMON_BLOCKS = YES;
				GCC_WARN_64_TO_32_BIT_CONVERSION = YES;
				GCC_WARN_ABOUT_RETURN_TYPE = YES_ERROR;
				GCC_WARN_UNDECLARED_SELECTOR = YES;
				GCC_WARN_UNINITIALIZED_AUTOS = YES_AGGRESSIVE;
				GCC_WARN_UNUSED_FUNCTION = YES;
				GCC_WARN_UNUSED_VARIABLE = YES;
				MACOSX_DEPLOYMENT_TARGET = 11.0;
				MTL_ENABLE_DEBUG_INFO = NO;
				MTL_FAST_MATH = YES;
				SDKROOT = macosx;
			};
			name = Release;
		};
		2CB78F5B2587DCD00013861F /* Debug */ = {
			isa = XCBuildConfiguration;
			buildSettings = {
				CODE_SIGN_STYLE = Automatic;
				PRODUCT_NAME = "$(TARGET_NAME)";
			};
			name = Debug;
		};
		2CB78F5C2587DCD00013861F /* Release */ = {
			isa = XCBuildConfiguration;
			buildSettings = {
				CODE_SIGN_STYLE = Automatic;
				PRODUCT_NAME = "$(TARGET_NAME)";
			};
			name = Release;
		};
/* End XCBuildConfiguration section */

/* Begin XCConfigurationList section */
		2CB78F4E2587DCD00013861F /* Build configuration list for PBXProject "TextAdventure" */ = {
			isa = XCConfigurationList;
			buildConfigurations = (
				2CB78F582587DCD00013861F /* Debug */,
				2CB78F592587DCD00013861F /* Release */,
			);
			defaultConfigurationIsVisible = 0;
			defaultConfigurationName = Release;
		};
		2CB78F5A2587DCD00013861F /* Build configuration list for PBXNativeTarget "TextAdventure" */ = {
			isa = XCConfigurationList;
			buildConfigurations = (
				2CB78F5B2587DCD00013861F /* Debug */,
				2CB78F5C2587DCD00013861F /* Release */,
			);
			defaultConfigurationIsVisible = 0;
			defaultConfigurationName = Release;
		};
/* End XCConfigurationList section */
	};
	rootObject = 2CB78F4B2587DCD00013861F /* Project object */;
}
